
Microsoft Visual Studio Solution File, Format Version 12.00
# Visual Studio Version 17
VisualStudioVersion = 17.12.35527.113 d17.12
MinimumVisualStudioVersion = 10.0.40219.1
Project("{2150E333-8FDC-42A3-9474-1A3956D46DE8}") = "CMakePredefinedTargets", "CMakePredefinedTargets", "{F7017E31-BF0E-35CE-8A37-E8029766ADFB}"
EndProject
Project("{2150E333-8FDC-42A3-9474-1A3956D46DE8}") = "External", "External", "{52C5FC31-BA3F-3B67-9146-8E8E487CA4C0}"
EndProject
Project("{2150E333-8FDC-42A3-9474-1A3956D46DE8}") = "Internal", "Internal", "{2EBDCC03-FA2D-332F-8F2F-A7B33A41C40C}"
EndProject
Project("{2150E333-8FDC-42A3-9474-1A3956D46DE8}") = "Utils", "Utils", "{BB87F24E-F5C3-3FB4-A3F9-0A482F0CF019}"
EndProject
Project("{8BC9CEB8-8B4A-11D0-8D11-00A0C91BC942}") = "ALL_BUILD", "ALL_BUILD.vcxproj", "{CD948FB0-67CE-3001-B9FB-4923B6B0F90D}"
	ProjectSection(ProjectDependencies) = postProject
		{FFAF4F3A-E145-3B22-8C26-E3F229407D27} = {FFAF4F3A-E145-3B22-8C26-E3F229407D27}
		{D3E7E800-9087-39F2-9E76-188B70E420F6} = {D3E7E800-9087-39F2-9E76-188B70E420F6}
		{6656E86D-8DB9-3CA2-9EE2-1BCCC99A3EF4} = {6656E86D-8DB9-3CA2-9EE2-1BCCC99A3EF4}
		{502CFCF8-7A0D-3848-B6F9-1C6402F05008} = {502CFCF8-7A0D-3848-B6F9-1C6402F05008}
		{3051844B-9CD0-32E8-ABC4-49422C76600D} = {3051844B-9CD0-32E8-ABC4-49422C76600D}
		{AA7C4D85-1BBE-307B-93C2-E0743FC363A0} = {AA7C4D85-1BBE-307B-93C2-E0743FC363A0}
		{BE28D50D-4606-3B8B-AAE7-23BCD2EF7A11} = {BE28D50D-4606-3B8B-AAE7-23BCD2EF7A11}
		{FCC55294-A4AF-34CC-8562-AAC061F53B53} = {FCC55294-A4AF-34CC-8562-AAC061F53B53}
		{73E04EA9-F2EB-3F4F-B37C-76FF4370B30F} = {73E04EA9-F2EB-3F4F-B37C-76FF4370B30F}
		{D4B2E0BE-910C-3C0F-BB90-83A5267B8923} = {D4B2E0BE-910C-3C0F-BB90-83A5267B8923}
		{9997FDD4-6523-3356-8229-946E99A2FF76} = {9997FDD4-6523-3356-8229-946E99A2FF76}
		{94D578CB-77DB-3535-9817-FAFE15C415AC} = {94D578CB-77DB-3535-9817-FAFE15C415AC}
		{8F1D1651-9FE2-3492-95F9-D24F43DCC308} = {8F1D1651-9FE2-3492-95F9-D24F43DCC308}
		{2CF2C418-EB04-3073-9830-5F015D2E314D} = {2CF2C418-EB04-3073-9830-5F015D2E314D}
		{576F9BAB-886B-3901-9F3D-259A239D7674} = {576F9BAB-886B-3901-9F3D-259A239D7674}
	EndProjectSection
EndProject
Project("{8BC9CEB8-8B4A-11D0-8D11-00A0C91BC942}") = "Carrot_Fantasy", "Carrot_Fantasy.vcxproj", "{FFAF4F3A-E145-3B22-8C26-E3F229407D27}"
	ProjectSection(ProjectDependencies) = postProject
		{D3E7E800-9087-39F2-9E76-188B70E420F6} = {D3E7E800-9087-39F2-9E76-188B70E420F6}
		{6656E86D-8DB9-3CA2-9EE2-1BCCC99A3EF4} = {6656E86D-8DB9-3CA2-9EE2-1BCCC99A3EF4}
		{502CFCF8-7A0D-3848-B6F9-1C6402F05008} = {502CFCF8-7A0D-3848-B6F9-1C6402F05008}
		{3051844B-9CD0-32E8-ABC4-49422C76600D} = {3051844B-9CD0-32E8-ABC4-49422C76600D}
		{AA7C4D85-1BBE-307B-93C2-E0743FC363A0} = {AA7C4D85-1BBE-307B-93C2-E0743FC363A0}
		{BE28D50D-4606-3B8B-AAE7-23BCD2EF7A11} = {BE28D50D-4606-3B8B-AAE7-23BCD2EF7A11}
		{FCC55294-A4AF-34CC-8562-AAC061F53B53} = {FCC55294-A4AF-34CC-8562-AAC061F53B53}
		{73E04EA9-F2EB-3F4F-B37C-76FF4370B30F} = {73E04EA9-F2EB-3F4F-B37C-76FF4370B30F}
		{D4B2E0BE-910C-3C0F-BB90-83A5267B8923} = {D4B2E0BE-910C-3C0F-BB90-83A5267B8923}
		{9997FDD4-6523-3356-8229-946E99A2FF76} = {9997FDD4-6523-3356-8229-946E99A2FF76}
		{94D578CB-77DB-3535-9817-FAFE15C415AC} = {94D578CB-77DB-3535-9817-FAFE15C415AC}
		{8F1D1651-9FE2-3492-95F9-D24F43DCC308} = {8F1D1651-9FE2-3492-95F9-D24F43DCC308}
		{2CF2C418-EB04-3073-9830-5F015D2E314D} = {2CF2C418-EB04-3073-9830-5F015D2E314D}
		{576F9BAB-886B-3901-9F3D-259A239D7674} = {576F9BAB-886B-3901-9F3D-259A239D7674}
	EndProjectSection
EndProject
Project("{8BC9CEB8-8B4A-11D0-8D11-00A0C91BC942}") = "SYNC_RESOURCE-Carrot_Fantasy", "SYNC_RESOURCE-Carrot_Fantasy.vcxproj", "{D3E7E800-9087-39F2-9E76-188B70E420F6}"
	ProjectSection(ProjectDependencies) = postProject
		{6656E86D-8DB9-3CA2-9EE2-1BCCC99A3EF4} = {6656E86D-8DB9-3CA2-9EE2-1BCCC99A3EF4}
	EndProjectSection
EndProject
Project("{8BC9CEB8-8B4A-11D0-8D11-00A0C91BC942}") = "ZERO_CHECK", "ZERO_CHECK.vcxproj", "{6656E86D-8DB9-3CA2-9EE2-1BCCC99A3EF4}"
EndProject
Project("{8BC9CEB8-8B4A-11D0-8D11-00A0C91BC942}") = "cocos2d", "engine\cocos\core\cocos2d.vcxproj", "{502CFCF8-7A0D-3848-B6F9-1C6402F05008}"
	ProjectSection(ProjectDependencies) = postProject
		{6656E86D-8DB9-3CA2-9EE2-1BCCC99A3EF4} = {6656E86D-8DB9-3CA2-9EE2-1BCCC99A3EF4}
		{3051844B-9CD0-32E8-ABC4-49422C76600D} = {3051844B-9CD0-32E8-ABC4-49422C76600D}
		{AA7C4D85-1BBE-307B-93C2-E0743FC363A0} = {AA7C4D85-1BBE-307B-93C2-E0743FC363A0}
		{BE28D50D-4606-3B8B-AAE7-23BCD2EF7A11} = {BE28D50D-4606-3B8B-AAE7-23BCD2EF7A11}
		{FCC55294-A4AF-34CC-8562-AAC061F53B53} = {FCC55294-A4AF-34CC-8562-AAC061F53B53}
		{73E04EA9-F2EB-3F4F-B37C-76FF4370B30F} = {73E04EA9-F2EB-3F4F-B37C-76FF4370B30F}
		{D4B2E0BE-910C-3C0F-BB90-83A5267B8923} = {D4B2E0BE-910C-3C0F-BB90-83A5267B8923}
		{9997FDD4-6523-3356-8229-946E99A2FF76} = {9997FDD4-6523-3356-8229-946E99A2FF76}
		{94D578CB-77DB-3535-9817-FAFE15C415AC} = {94D578CB-77DB-3535-9817-FAFE15C415AC}
		{8F1D1651-9FE2-3492-95F9-D24F43DCC308} = {8F1D1651-9FE2-3492-95F9-D24F43DCC308}
		{2CF2C418-EB04-3073-9830-5F015D2E314D} = {2CF2C418-EB04-3073-9830-5F015D2E314D}
		{576F9BAB-886B-3901-9F3D-259A239D7674} = {576F9BAB-886B-3901-9F3D-259A239D7674}
	EndProjectSection
EndProject
Project("{8BC9CEB8-8B4A-11D0-8D11-00A0C91BC942}") = "ext_clipper", "engine\external\clipper\ext_clipper.vcxproj", "{3051844B-9CD0-32E8-ABC4-49422C76600D}"
	ProjectSection(ProjectDependencies) = postProject
		{6656E86D-8DB9-3CA2-9EE2-1BCCC99A3EF4} = {6656E86D-8DB9-3CA2-9EE2-1BCCC99A3EF4}
	EndProjectSection
EndProject
Project("{8BC9CEB8-8B4A-11D0-8D11-00A0C91BC942}") = "ext_convertUTF", "engine\external\ConvertUTF\ext_convertUTF.vcxproj", "{AA7C4D85-1BBE-307B-93C2-E0743FC363A0}"
	ProjectSection(ProjectDependencies) = postProject
		{6656E86D-8DB9-3CA2-9EE2-1BCCC99A3EF4} = {6656E86D-8DB9-3CA2-9EE2-1BCCC99A3EF4}
	EndProjectSection
EndProject
Project("{8BC9CEB8-8B4A-11D0-8D11-00A0C91BC942}") = "ext_edtaa3func", "engine\external\edtaa3func\ext_edtaa3func.vcxproj", "{BE28D50D-4606-3B8B-AAE7-23BCD2EF7A11}"
	ProjectSection(ProjectDependencies) = postProject
		{6656E86D-8DB9-3CA2-9EE2-1BCCC99A3EF4} = {6656E86D-8DB9-3CA2-9EE2-1BCCC99A3EF4}
	EndProjectSection
EndProject
Project("{8BC9CEB8-8B4A-11D0-8D11-00A0C91BC942}") = "ext_md5", "engine\external\md5\ext_md5.vcxproj", "{FCC55294-A4AF-34CC-8562-AAC061F53B53}"
	ProjectSection(ProjectDependencies) = postProject
		{6656E86D-8DB9-3CA2-9EE2-1BCCC99A3EF4} = {6656E86D-8DB9-3CA2-9EE2-1BCCC99A3EF4}
	EndProjectSection
EndProject
Project("{8BC9CEB8-8B4A-11D0-8D11-00A0C91BC942}") = "ext_poly2tri", "engine\external\poly2tri\ext_poly2tri.vcxproj", "{73E04EA9-F2EB-3F4F-B37C-76FF4370B30F}"
	ProjectSection(ProjectDependencies) = postProject
		{6656E86D-8DB9-3CA2-9EE2-1BCCC99A3EF4} = {6656E86D-8DB9-3CA2-9EE2-1BCCC99A3EF4}
	EndProjectSection
EndProject
Project("{8BC9CEB8-8B4A-11D0-8D11-00A0C91BC942}") = "ext_recast", "engine\external\recast\ext_recast.vcxproj", "{D4B2E0BE-910C-3C0F-BB90-83A5267B8923}"
	ProjectSection(ProjectDependencies) = postProject
		{6656E86D-8DB9-3CA2-9EE2-1BCCC99A3EF4} = {6656E86D-8DB9-3CA2-9EE2-1BCCC99A3EF4}
	EndProjectSection
EndProject
Project("{8BC9CEB8-8B4A-11D0-8D11-00A0C91BC942}") = "ext_tinyxml2", "engine\external\tinyxml2\ext_tinyxml2.vcxproj", "{9997FDD4-6523-3356-8229-946E99A2FF76}"
	ProjectSection(ProjectDependencies) = postProject
		{6656E86D-8DB9-3CA2-9EE2-1BCCC99A3EF4} = {6656E86D-8DB9-3CA2-9EE2-1BCCC99A3EF4}
	EndProjectSection
EndProject
Project("{8BC9CEB8-8B4A-11D0-8D11-00A0C91BC942}") = "ext_unzip", "engine\external\unzip\ext_unzip.vcxproj", "{94D578CB-77DB-3535-9817-FAFE15C415AC}"
	ProjectSection(ProjectDependencies) = postProject
		{6656E86D-8DB9-3CA2-9EE2-1BCCC99A3EF4} = {6656E86D-8DB9-3CA2-9EE2-1BCCC99A3EF4}
	EndProjectSection
EndProject
Project("{8BC9CEB8-8B4A-11D0-8D11-00A0C91BC942}") = "ext_xxhash", "engine\external\xxhash\ext_xxhash.vcxproj", "{8F1D1651-9FE2-3492-95F9-D24F43DCC308}"
	ProjectSection(ProjectDependencies) = postProject
		{6656E86D-8DB9-3CA2-9EE2-1BCCC99A3EF4} = {6656E86D-8DB9-3CA2-9EE2-1BCCC99A3EF4}
	EndProjectSection
EndProject
Project("{8BC9CEB8-8B4A-11D0-8D11-00A0C91BC942}") = "ext_xxtea", "engine\external\xxtea\ext_xxtea.vcxproj", "{2CF2C418-EB04-3073-9830-5F015D2E314D}"
	ProjectSection(ProjectDependencies) = postProject
		{6656E86D-8DB9-3CA2-9EE2-1BCCC99A3EF4} = {6656E86D-8DB9-3CA2-9EE2-1BCCC99A3EF4}
	EndProjectSection
EndProject
Project("{8BC9CEB8-8B4A-11D0-8D11-00A0C91BC942}") = "external", "engine\external\external.vcxproj", "{576F9BAB-886B-3901-9F3D-259A239D7674}"
	ProjectSection(ProjectDependencies) = postProject
		{6656E86D-8DB9-3CA2-9EE2-1BCCC99A3EF4} = {6656E86D-8DB9-3CA2-9EE2-1BCCC99A3EF4}
		{3051844B-9CD0-32E8-ABC4-49422C76600D} = {3051844B-9CD0-32E8-ABC4-49422C76600D}
		{AA7C4D85-1BBE-307B-93C2-E0743FC363A0} = {AA7C4D85-1BBE-307B-93C2-E0743FC363A0}
		{BE28D50D-4606-3B8B-AAE7-23BCD2EF7A11} = {BE28D50D-4606-3B8B-AAE7-23BCD2EF7A11}
		{FCC55294-A4AF-34CC-8562-AAC061F53B53} = {FCC55294-A4AF-34CC-8562-AAC061F53B53}
		{73E04EA9-F2EB-3F4F-B37C-76FF4370B30F} = {73E04EA9-F2EB-3F4F-B37C-76FF4370B30F}
		{D4B2E0BE-910C-3C0F-BB90-83A5267B8923} = {D4B2E0BE-910C-3C0F-BB90-83A5267B8923}
		{9997FDD4-6523-3356-8229-946E99A2FF76} = {9997FDD4-6523-3356-8229-946E99A2FF76}
		{94D578CB-77DB-3535-9817-FAFE15C415AC} = {94D578CB-77DB-3535-9817-FAFE15C415AC}
		{8F1D1651-9FE2-3492-95F9-D24F43DCC308} = {8F1D1651-9FE2-3492-95F9-D24F43DCC308}
		{2CF2C418-EB04-3073-9830-5F015D2E314D} = {2CF2C418-EB04-3073-9830-5F015D2E314D}
	EndProjectSection
EndProject
Global
	GlobalSection(SolutionConfigurationPlatforms) = preSolution
		Debug|Win32 = Debug|Win32
		MinSizeRel|Win32 = MinSizeRel|Win32
		Release|Win32 = Release|Win32
		RelWithDebInfo|Win32 = RelWithDebInfo|Win32
	EndGlobalSection
	GlobalSection(ProjectConfigurationPlatforms) = postSolution
		{CD948FB0-67CE-3001-B9FB-4923B6B0F90D}.Debug|Win32.ActiveCfg = Debug|Win32
		{CD948FB0-67CE-3001-B9FB-4923B6B0F90D}.MinSizeRel|Win32.ActiveCfg = MinSizeRel|Win32
		{CD948FB0-67CE-3001-B9FB-4923B6B0F90D}.Release|Win32.ActiveCfg = Release|Win32
		{CD948FB0-67CE-3001-B9FB-4923B6B0F90D}.RelWithDebInfo|Win32.ActiveCfg = RelWithDebInfo|Win32
		{FFAF4F3A-E145-3B22-8C26-E3F229407D27}.Debug|Win32.ActiveCfg = Debug|Win32
		{FFAF4F3A-E145-3B22-8C26-E3F229407D27}.Debug|Win32.Build.0 = Debug|Win32
		{FFAF4F3A-E145-3B22-8C26-E3F229407D27}.MinSizeRel|Win32.ActiveCfg = MinSizeRel|Win32
		{FFAF4F3A-E145-3B22-8C26-E3F229407D27}.MinSizeRel|Win32.Build.0 = MinSizeRel|Win32
		{FFAF4F3A-E145-3B22-8C26-E3F229407D27}.Release|Win32.ActiveCfg = Release|Win32
		{FFAF4F3A-E145-3B22-8C26-E3F229407D27}.Release|Win32.Build.0 = Release|Win32
		{FFAF4F3A-E145-3B22-8C26-E3F229407D27}.RelWithDebInfo|Win32.ActiveCfg = RelWithDebInfo|Win32
		{FFAF4F3A-E145-3B22-8C26-E3F229407D27}.RelWithDebInfo|Win32.Build.0 = RelWithDebInfo|Win32
		{D3E7E800-9087-39F2-9E76-188B70E420F6}.Debug|Win32.ActiveCfg = Debug|Win32
		{D3E7E800-9087-39F2-9E76-188B70E420F6}.Debug|Win32.Build.0 = Debug|Win32
		{D3E7E800-9087-39F2-9E76-188B70E420F6}.MinSizeRel|Win32.ActiveCfg = MinSizeRel|Win32
		{D3E7E800-9087-39F2-9E76-188B70E420F6}.MinSizeRel|Win32.Build.0 = MinSizeRel|Win32
		{D3E7E800-9087-39F2-9E76-188B70E420F6}.Release|Win32.ActiveCfg = Release|Win32
		{D3E7E800-9087-39F2-9E76-188B70E420F6}.Release|Win32.Build.0 = Release|Win32
		{D3E7E800-9087-39F2-9E76-188B70E420F6}.RelWithDebInfo|Win32.ActiveCfg = RelWithDebInfo|Win32
		{D3E7E800-9087-39F2-9E76-188B70E420F6}.RelWithDebInfo|Win32.Build.0 = RelWithDebInfo|Win32
		{6656E86D-8DB9-3CA2-9EE2-1BCCC99A3EF4}.Debug|Win32.ActiveCfg = Debug|Win32
		{6656E86D-8DB9-3CA2-9EE2-1BCCC99A3EF4}.Debug|Win32.Build.0 = Debug|Win32
		{6656E86D-8DB9-3CA2-9EE2-1BCCC99A3EF4}.MinSizeRel|Win32.ActiveCfg = MinSizeRel|Win32
		{6656E86D-8DB9-3CA2-9EE2-1BCCC99A3EF4}.MinSizeRel|Win32.Build.0 = MinSizeRel|Win32
		{6656E86D-8DB9-3CA2-9EE2-1BCCC99A3EF4}.Release|Win32.ActiveCfg = Release|Win32
		{6656E86D-8DB9-3CA2-9EE2-1BCCC99A3EF4}.Release|Win32.Build.0 = Release|Win32
		{6656E86D-8DB9-3CA2-9EE2-1BCCC99A3EF4}.RelWithDebInfo|Win32.ActiveCfg = RelWithDebInfo|Win32
		{6656E86D-8DB9-3CA2-9EE2-1BCCC99A3EF4}.RelWithDebInfo|Win32.Build.0 = RelWithDebInfo|Win32
		{502CFCF8-7A0D-3848-B6F9-1C6402F05008}.Debug|Win32.ActiveCfg = Debug|Win32
		{502CFCF8-7A0D-3848-B6F9-1C6402F05008}.Debug|Win32.Build.0 = Debug|Win32
		{502CFCF8-7A0D-3848-B6F9-1C6402F05008}.MinSizeRel|Win32.ActiveCfg = MinSizeRel|Win32
		{502CFCF8-7A0D-3848-B6F9-1C6402F05008}.MinSizeRel|Win32.Build.0 = MinSizeRel|Win32
		{502CFCF8-7A0D-3848-B6F9-1C6402F05008}.Release|Win32.ActiveCfg = Release|Win32
		{502CFCF8-7A0D-3848-B6F9-1C6402F05008}.Release|Win32.Build.0 = Release|Win32
		{502CFCF8-7A0D-3848-B6F9-1C6402F05008}.RelWithDebInfo|Win32.ActiveCfg = RelWithDebInfo|Win32
		{502CFCF8-7A0D-3848-B6F9-1C6402F05008}.RelWithDebInfo|Win32.Build.0 = RelWithDebInfo|Win32
		{3051844B-9CD0-32E8-ABC4-49422C76600D}.Debug|Win32.ActiveCfg = Debug|Win32
		{3051844B-9CD0-32E8-ABC4-49422C76600D}.Debug|Win32.Build.0 = Debug|Win32
		{3051844B-9CD0-32E8-ABC4-49422C76600D}.MinSizeRel|Win32.ActiveCfg = MinSizeRel|Win32
		{3051844B-9CD0-32E8-ABC4-49422C76600D}.MinSizeRel|Win32.Build.0 = MinSizeRel|Win32
		{3051844B-9CD0-32E8-ABC4-49422C76600D}.Release|Win32.ActiveCfg = Release|Win32
		{3051844B-9CD0-32E8-ABC4-49422C76600D}.Release|Win32.Build.0 = Release|Win32
		{3051844B-9CD0-32E8-ABC4-49422C76600D}.RelWithDebInfo|Win32.ActiveCfg = RelWithDebInfo|Win32
		{3051844B-9CD0-32E8-ABC4-49422C76600D}.RelWithDebInfo|Win32.Build.0 = RelWithDebInfo|Win32
		{AA7C4D85-1BBE-307B-93C2-E0743FC363A0}.Debug|Win32.ActiveCfg = Debug|Win32
		{AA7C4D85-1BBE-307B-93C2-E0743FC363A0}.Debug|Win32.Build.0 = Debug|Win32
		{AA7C4D85-1BBE-307B-93C2-E0743FC363A0}.MinSizeRel|Win32.ActiveCfg = MinSizeRel|Win32
		{AA7C4D85-1BBE-307B-93C2-E0743FC363A0}.MinSizeRel|Win32.Build.0 = MinSizeRel|Win32
		{AA7C4D85-1BBE-307B-93C2-E0743FC363A0}.Release|Win32.ActiveCfg = Release|Win32
		{AA7C4D85-1BBE-307B-93C2-E0743FC363A0}.Release|Win32.Build.0 = Release|Win32
		{AA7C4D85-1BBE-307B-93C2-E0743FC363A0}.RelWithDebInfo|Win32.ActiveCfg = RelWithDebInfo|Win32
		{AA7C4D85-1BBE-307B-93C2-E0743FC363A0}.RelWithDebInfo|Win32.Build.0 = RelWithDebInfo|Win32
		{BE28D50D-4606-3B8B-AAE7-23BCD2EF7A11}.Debug|Win32.ActiveCfg = Debug|Win32
		{BE28D50D-4606-3B8B-AAE7-23BCD2EF7A11}.Debug|Win32.Build.0 = Debug|Win32
		{BE28D50D-4606-3B8B-AAE7-23BCD2EF7A11}.MinSizeRel|Win32.ActiveCfg = MinSizeRel|Win32
		{BE28D50D-4606-3B8B-AAE7-23BCD2EF7A11}.MinSizeRel|Win32.Build.0 = MinSizeRel|Win32
		{BE28D50D-4606-3B8B-AAE7-23BCD2EF7A11}.Release|Win32.ActiveCfg = Release|Win32
		{BE28D50D-4606-3B8B-AAE7-23BCD2EF7A11}.Release|Win32.Build.0 = Release|Win32
		{BE28D50D-4606-3B8B-AAE7-23BCD2EF7A11}.RelWithDebInfo|Win32.ActiveCfg = RelWithDebInfo|Win32
		{BE28D50D-4606-3B8B-AAE7-23BCD2EF7A11}.RelWithDebInfo|Win32.Build.0 = RelWithDebInfo|Win32
		{FCC55294-A4AF-34CC-8562-AAC061F53B53}.Debug|Win32.ActiveCfg = Debug|Win32
		{FCC55294-A4AF-34CC-8562-AAC061F53B53}.Debug|Win32.Build.0 = Debug|Win32
		{FCC55294-A4AF-34CC-8562-AAC061F53B53}.MinSizeRel|Win32.ActiveCfg = MinSizeRel|Win32
		{FCC55294-A4AF-34CC-8562-AAC061F53B53}.MinSizeRel|Win32.Build.0 = MinSizeRel|Win32
		{FCC55294-A4AF-34CC-8562-AAC061F53B53}.Release|Win32.ActiveCfg = Release|Win32
		{FCC55294-A4AF-34CC-8562-AAC061F53B53}.Release|Win32.Build.0 = Release|Win32
		{FCC55294-A4AF-34CC-8562-AAC061F53B53}.RelWithDebInfo|Win32.ActiveCfg = RelWithDebInfo|Win32
		{FCC55294-A4AF-34CC-8562-AAC061F53B53}.RelWithDebInfo|Win32.Build.0 = RelWithDebInfo|Win32
		{73E04EA9-F2EB-3F4F-B37C-76FF4370B30F}.Debug|Win32.ActiveCfg = Debug|Win32
		{73E04EA9-F2EB-3F4F-B37C-76FF4370B30F}.Debug|Win32.Build.0 = Debug|Win32
		{73E04EA9-F2EB-3F4F-B37C-76FF4370B30F}.MinSizeRel|Win32.ActiveCfg = MinSizeRel|Win32
		{73E04EA9-F2EB-3F4F-B37C-76FF4370B30F}.MinSizeRel|Win32.Build.0 = MinSizeRel|Win32
		{73E04EA9-F2EB-3F4F-B37C-76FF4370B30F}.Release|Win32.ActiveCfg = Release|Win32
		{73E04EA9-F2EB-3F4F-B37C-76FF4370B30F}.Release|Win32.Build.0 = Release|Win32
		{73E04EA9-F2EB-3F4F-B37C-76FF4370B30F}.RelWithDebInfo|Win32.ActiveCfg = RelWithDebInfo|Win32
		{73E04EA9-F2EB-3F4F-B37C-76FF4370B30F}.RelWithDebInfo|Win32.Build.0 = RelWithDebInfo|Win32
		{D4B2E0BE-910C-3C0F-BB90-83A5267B8923}.Debug|Win32.ActiveCfg = Debug|Win32
		{D4B2E0BE-910C-3C0F-BB90-83A5267B8923}.Debug|Win32.Build.0 = Debug|Win32
		{D4B2E0BE-910C-3C0F-BB90-83A5267B8923}.MinSizeRel|Win32.ActiveCfg = MinSizeRel|Win32
		{D4B2E0BE-910C-3C0F-BB90-83A5267B8923}.MinSizeRel|Win32.Build.0 = MinSizeRel|Win32
		{D4B2E0BE-910C-3C0F-BB90-83A5267B8923}.Release|Win32.ActiveCfg = Release|Win32
		{D4B2E0BE-910C-3C0F-BB90-83A5267B8923}.Release|Win32.Build.0 = Release|Win32
		{D4B2E0BE-910C-3C0F-BB90-83A5267B8923}.RelWithDebInfo|Win32.ActiveCfg = RelWithDebInfo|Win32
		{D4B2E0BE-910C-3C0F-BB90-83A5267B8923}.RelWithDebInfo|Win32.Build.0 = RelWithDebInfo|Win32
		{9997FDD4-6523-3356-8229-946E99A2FF76}.Debug|Win32.ActiveCfg = Debug|Win32
		{9997FDD4-6523-3356-8229-946E99A2FF76}.Debug|Win32.Build.0 = Debug|Win32
		{9997FDD4-6523-3356-8229-946E99A2FF76}.MinSizeRel|Win32.ActiveCfg = MinSizeRel|Win32
		{9997FDD4-6523-3356-8229-946E99A2FF76}.MinSizeRel|Win32.Build.0 = MinSizeRel|Win32
		{9997FDD4-6523-3356-8229-946E99A2FF76}.Release|Win32.ActiveCfg = Release|Win32
		{9997FDD4-6523-3356-8229-946E99A2FF76}.Release|Win32.Build.0 = Release|Win32
		{9997FDD4-6523-3356-8229-946E99A2FF76}.RelWithDebInfo|Win32.ActiveCfg = RelWithDebInfo|Win32
		{9997FDD4-6523-3356-8229-946E99A2FF76}.RelWithDebInfo|Win32.Build.0 = RelWithDebInfo|Win32
		{94D578CB-77DB-3535-9817-FAFE15C415AC}.Debug|Win32.ActiveCfg = Debug|Win32
		{94D578CB-77DB-3535-9817-FAFE15C415AC}.Debug|Win32.Build.0 = Debug|Win32
		{94D578CB-77DB-3535-9817-FAFE15C415AC}.MinSizeRel|Win32.ActiveCfg = MinSizeRel|Win32
		{94D578CB-77DB-3535-9817-FAFE15C415AC}.MinSizeRel|Win32.Build.0 = MinSizeRel|Win32
		{94D578CB-77DB-3535-9817-FAFE15C415AC}.Release|Win32.ActiveCfg = Release|Win32
		{94D578CB-77DB-3535-9817-FAFE15C415AC}.Release|Win32.Build.0 = Release|Win32
		{94D578CB-77DB-3535-9817-FAFE15C415AC}.RelWithDebInfo|Win32.ActiveCfg = RelWithDebInfo|Win32
		{94D578CB-77DB-3535-9817-FAFE15C415AC}.RelWithDebInfo|Win32.Build.0 = RelWithDebInfo|Win32
		{8F1D1651-9FE2-3492-95F9-D24F43DCC308}.Debug|Win32.ActiveCfg = Debug|Win32
		{8F1D1651-9FE2-3492-95F9-D24F43DCC308}.Debug|Win32.Build.0 = Debug|Win32
		{8F1D1651-9FE2-3492-95F9-D24F43DCC308}.MinSizeRel|Win32.ActiveCfg = MinSizeRel|Win32
		{8F1D1651-9FE2-3492-95F9-D24F43DCC308}.MinSizeRel|Win32.Build.0 = MinSizeRel|Win32
		{8F1D1651-9FE2-3492-95F9-D24F43DCC308}.Release|Win32.ActiveCfg = Release|Win32
		{8F1D1651-9FE2-3492-95F9-D24F43DCC308}.Release|Win32.Build.0 = Release|Win32
		{8F1D1651-9FE2-3492-95F9-D24F43DCC308}.RelWithDebInfo|Win32.ActiveCfg = RelWithDebInfo|Win32
		{8F1D1651-9FE2-3492-95F9-D24F43DCC308}.RelWithDebInfo|Win32.Build.0 = RelWithDebInfo|Win32
		{2CF2C418-EB04-3073-9830-5F015D2E314D}.Debug|Win32.ActiveCfg = Debug|Win32
		{2CF2C418-EB04-3073-9830-5F015D2E314D}.Debug|Win32.Build.0 = Debug|Win32
		{2CF2C418-EB04-3073-9830-5F015D2E314D}.MinSizeRel|Win32.ActiveCfg = MinSizeRel|Win32
		{2CF2C418-EB04-3073-9830-5F015D2E314D}.MinSizeRel|Win32.Build.0 = MinSizeRel|Win32
		{2CF2C418-EB04-3073-9830-5F015D2E314D}.Release|Win32.ActiveCfg = Release|Win32
		{2CF2C418-EB04-3073-9830-5F015D2E314D}.Release|Win32.Build.0 = Release|Win32
		{2CF2C418-EB04-3073-9830-5F015D2E314D}.RelWithDebInfo|Win32.ActiveCfg = RelWithDebInfo|Win32
		{2CF2C418-EB04-3073-9830-5F015D2E314D}.RelWithDebInfo|Win32.Build.0 = RelWithDebInfo|Win32
		{576F9BAB-886B-3901-9F3D-259A239D7674}.Debug|Win32.ActiveCfg = Debug|Win32
		{576F9BAB-886B-3901-9F3D-259A239D7674}.Debug|Win32.Build.0 = Debug|Win32
		{576F9BAB-886B-3901-9F3D-259A239D7674}.MinSizeRel|Win32.ActiveCfg = MinSizeRel|Win32
		{576F9BAB-886B-3901-9F3D-259A239D7674}.MinSizeRel|Win32.Build.0 = MinSizeRel|Win32
		{576F9BAB-886B-3901-9F3D-259A239D7674}.Release|Win32.ActiveCfg = Release|Win32
		{576F9BAB-886B-3901-9F3D-259A239D7674}.Release|Win32.Build.0 = Release|Win32
		{576F9BAB-886B-3901-9F3D-259A239D7674}.RelWithDebInfo|Win32.ActiveCfg = RelWithDebInfo|Win32
		{576F9BAB-886B-3901-9F3D-259A239D7674}.RelWithDebInfo|Win32.Build.0 = RelWithDebInfo|Win32
	EndGlobalSection
	GlobalSection(SolutionProperties) = preSolution
		HideSolutionNode = FALSE
	EndGlobalSection
	GlobalSection(NestedProjects) = preSolution
		{CD948FB0-67CE-3001-B9FB-4923B6B0F90D} = {F7017E31-BF0E-35CE-8A37-E8029766ADFB}
		{D3E7E800-9087-39F2-9E76-188B70E420F6} = {BB87F24E-F5C3-3FB4-A3F9-0A482F0CF019}
		{6656E86D-8DB9-3CA2-9EE2-1BCCC99A3EF4} = {F7017E31-BF0E-35CE-8A37-E8029766ADFB}
		{502CFCF8-7A0D-3848-B6F9-1C6402F05008} = {2EBDCC03-FA2D-332F-8F2F-A7B33A41C40C}
		{3051844B-9CD0-32E8-ABC4-49422C76600D} = {52C5FC31-BA3F-3B67-9146-8E8E487CA4C0}
		{AA7C4D85-1BBE-307B-93C2-E0743FC363A0} = {52C5FC31-BA3F-3B67-9146-8E8E487CA4C0}
		{BE28D50D-4606-3B8B-AAE7-23BCD2EF7A11} = {52C5FC31-BA3F-3B67-9146-8E8E487CA4C0}
		{FCC55294-A4AF-34CC-8562-AAC061F53B53} = {52C5FC31-BA3F-3B67-9146-8E8E487CA4C0}
		{73E04EA9-F2EB-3F4F-B37C-76FF4370B30F} = {52C5FC31-BA3F-3B67-9146-8E8E487CA4C0}
		{D4B2E0BE-910C-3C0F-BB90-83A5267B8923} = {52C5FC31-BA3F-3B67-9146-8E8E487CA4C0}
		{9997FDD4-6523-3356-8229-946E99A2FF76} = {52C5FC31-BA3F-3B67-9146-8E8E487CA4C0}
		{94D578CB-77DB-3535-9817-FAFE15C415AC} = {52C5FC31-BA3F-3B67-9146-8E8E487CA4C0}
		{8F1D1651-9FE2-3492-95F9-D24F43DCC308} = {52C5FC31-BA3F-3B67-9146-8E8E487CA4C0}
		{2CF2C418-EB04-3073-9830-5F015D2E314D} = {52C5FC31-BA3F-3B67-9146-8E8E487CA4C0}
		{576F9BAB-886B-3901-9F3D-259A239D7674} = {52C5FC31-BA3F-3B67-9146-8E8E487CA4C0}
	EndGlobalSection
	GlobalSection(ExtensibilityGlobals) = postSolution
		SolutionGuid = {7101AA26-EAF5-3EC9-8441-F3FE59ECABAD}
	EndGlobalSection
EndGlobal
